// !$*UTF8*$!
{
	archiveVersion = 1;
	classes = {
	};
	objectVersion = 46;
	objects = {

/* Begin PBXBuildFile section */
		BE48B4011E3FB05E00915402 /* AppDelegate.swift in Sources */ = {isa = PBXBuildFile; fileRef = BE48B4001E3FB05E00915402 /* AppDelegate.swift */; };
		BE48B4031E3FB05E00915402 /* ViewController.swift in Sources */ = {isa = PBXBuildFile; fileRef = BE48B4021E3FB05E00915402 /* ViewController.swift */; };
		BE48B4061E3FB05E00915402 /* Main.storyboard in Resources */ = {isa = PBXBuildFile; fileRef = BE48B4041E3FB05E00915402 /* Main.storyboard */; };
		BE48B4081E3FB05E00915402 /* Assets.xcassets in Resources */ = {isa = PBXBuildFile; fileRef = BE48B4071E3FB05E00915402 /* Assets.xcassets */; };
		BE48B40B1E3FB05E00915402 /* LaunchScreen.storyboard in Resources */ = {isa = PBXBuildFile; fileRef = BE48B4091E3FB05E00915402 /* LaunchScreen.storyboard */; };
/* End PBXBuildFile section */

/* Begin PBXFileReference section */
		BE48B3FD1E3FB05E00915402 /* SampleDataStorage.app */ = {isa = PBXFileReference; explicitFileType = wrapper.application; includeInIndex = 0; path = SampleDataStorage.app; sourceTree = BUILT_PRODUCTS_DIR; };
		BE48B4001E3FB05E00915402 /* AppDelegate.swift */ = {isa = PBXFileReference; lastKnownFileType = sourcecode.swift; path = AppDelegate.swift; sourceTree = "<group>"; };
		BE48B4021E3FB05E00915402 /* ViewController.swift */ = {isa = PBXFileReference; lastKnownFileType = sourcecode.swift; path = ViewController.swift; sourceTree = "<group>"; };
		BE48B4051E3FB05E00915402 /* Base */ = {isa = PBXFileReference; lastKnownFileType = file.storyboard; name = Base; path = Base.lproj/Main.storyboard; sourceTree = "<group>"; };
		BE48B4071E3FB05E00915402 /* Assets.xcassets */ = {isa = PBXFileReference; lastKnownFileType = folder.assetcatalog; path = Assets.xcassets; sourceTree = "<group>"; };
		BE48B40A1E3FB05E00915402 /* Base */ = {isa = PBXFileReference; lastKnownFileType = file.storyboard; name = Base; path = Base.lproj/LaunchScreen.storyboard; sourceTree = "<group>"; };
		BE48B40C1E3FB05E00915402 /* Info.plist */ = {isa = PBXFileReference; lastKnownFileType = text.plist.xml; path = Info.plist; sourceTree = "<group>"; };
/* End PBXFileReference section */

/* Begin PBXFrameworksBuildPhase section */
		BE48B3FA1E3FB05E00915402 /* Frameworks */ = {
			isa = PBXFrameworksBuildPhase;
			buildActionMask = 2147483647;
			files = (
			);
			runOnlyForDeploymentPostprocessing = 0;
		};
/* End PBXFrameworksBuildPhase section */

/* Begin PBXGroup section */
		BE48B3F41E3FB05D00915402 = {
			isa = PBXGroup;
			children = (
				BE48B3FF1E3FB05E00915402 /* SampleDataStorage */,
				BE48B3FE1E3FB05E00915402 /* Products */,
			);
			sourceTree = "<group>";
		};
		BE48B3FE1E3FB05E00915402 /* Products */ = {
			isa = PBXGroup;
			children = (
				BE48B3FD1E3FB05E00915402 /* SampleDataStorage.app */,
			);
			name = Products;
			sourceTree = "<group>";
		};
		BE48B3FF1E3FB05E00915402 /* SampleDataStorage */ = {
			isa = PBXGroup;
			children = (
				BE48B4001E3FB05E00915402 /* AppDelegate.swift */,
				BE48B4021E3FB05E00915402 /* ViewController.swift */,
				BE48B4041E3FB05E00915402 /* Main.storyboard */,
				BE48B4071E3FB05E00915402 /* Assets.xcassets */,
				BE48B4091E3FB05E00915402 /* LaunchScreen.storyboard */,
				BE48B40C1E3FB05E00915402 /* Info.plist */,
			);
			path = SampleDataStorage;
			sourceTree = "<group>";
		};
/* End PBXGroup section */

/* Begin PBXNativeTarget section */
		BE48B3FC1E3FB05E00915402 /* SampleDataStorage */ = {
			isa = PBXNativeTarget;
			buildConfigurationList = BE48B40F1E3FB05E00915402 /* Build configuration list for PBXNativeTarget "SampleDataStorage" */;
			buildPhases = (
				BE48B3F91E3FB05E00915402 /* Sources */,
				BE48B3FA1E3FB05E00915402 /* Frameworks */,
				BE48B3FB1E3FB05E00915402 /* Resources */,
			);
			buildRules = (
			);
			dependencies = (
			);
			name = SampleDataStorage;
			productName = SampleDataStorage;
			productReference = BE48B3FD1E3FB05E00915402 /* SampleDataStorage.app */;
			productType = "com.apple.product-type.application";
		};
/* End PBXNativeTarget section */

/* Begin PBXProject section */
		BE48B3F51E3FB05D00915402 /* Project object */ = {
			isa = PBXProject;
			attributes = {
				LastSwiftUpdateCheck = 0820;
				LastUpgradeCheck = 1130;
				ORGANIZATIONNAME = KEN;
				TargetAttributes = {
					BE48B3FC1E3FB05E00915402 = {
						CreatedOnToolsVersion = 8.2.1;
						DevelopmentTeam = BR6259N4VZ;
						LastSwiftMigration = 1130;
						ProvisioningStyle = Automatic;
					};
				};
			};
			buildConfigurationList = BE48B3F81E3FB05D00915402 /* Build configuration list for PBXProject "SampleDataStorage" */;
			compatibilityVersion = "Xcode 3.2";
			developmentRegion = en;
			hasScannedForEncodings = 0;
			knownRegions = (
				en,
				Base,
			);
			mainGroup = BE48B3F41E3FB05D00915402;
			productRefGroup = BE48B3FE1E3FB05E00915402 /* Products */;
			projectDirPath = "";
			projectRoot = "";
			targets = (
				BE48B3FC1E3FB05E00915402 /* SampleDataStorage */,
			);
		};
/* End PBXProject section */

/* Begin PBXResourcesBuildPhase section */
		BE48B3FB1E3FB05E00915402 /* Resources */ = {
			isa = PBXResourcesBuildPhase;
			buildActionMask = 2147483647;
			files = (
				BE48B40B1E3FB05E00915402 /* LaunchScreen.storyboard in Resources */,
				BE48B4081E3FB05E00915402 /* Assets.xcassets in Resources */,
				BE48B4061E3FB05E00915402 /* Main.storyboard in Resources */,
			);
			runOnlyForDeploymentPostprocessing = 0;
		};
/* End PBXResourcesBuildPhase section */

/* Begin PBXSourcesBuildPhase section */
		BE48B3F91E3FB05E00915402 /* Sources */ = {
			isa = PBXSourcesBuildPhase;
			buildActionMask = 2147483647;
			files = (
				BE48B4031E3FB05E00915402 /* ViewController.swift in Sources */,
				BE48B4011E3FB05E00915402 /* AppDelegate.swift in Sources */,
			);
			runOnlyForDeploymentPostprocessing = 0;
		};
/* End PBXSourcesBuildPhase section */

/* Begin PBXVariantGroup section */
		BE48B4041E3FB05E00915402 /* Main.storyboard */ = {
			isa = PBXVariantGroup;
			children = (
				BE48B4051E3FB05E00915402 /* Base */,
			);
			name = Main.storyboard;
			sourceTree = "<group>";
		};
		BE48B4091E3FB05E00915402 /* LaunchScreen.storyboard */ = {
			isa = PBXVariantGroup;
			children = (
				BE48B40A1E3FB05E00915402 /* Base */,
			);
			name = LaunchScreen.storyboard;
			sourceTree = "<group>";
		};
/* End PBXVariantGroup section */

/* Begin XCBuildConfiguration section */
		BE48B40D1E3FB05E00915402 /* Debug */ = {
			isa = XCBuildConfiguration;
			buildSettings = {
				ALWAYS_SEARCH_USER_PATHS = NO;
				CLANG_ANALYZER_LOCALIZABILITY_NONLOCALIZED = YES;
				CLANG_ANALYZER_NONNULL = YES;
				CLANG_CXX_LANGUAGE_STANDARD = "gnu++0x";
				CLANG_CXX_LIBRARY = "libc++";
				CLANG_ENABLE_MODULES = YES;
				CLANG_ENABLE_OBJC_ARC = YES;
				CLANG_WARN_BLOCK_CAPTURE_AUTORELEASING = YES;
				CLANG_WARN_BOOL_CONVERSION = YES;
				CLANG_WARN_COMMA = YES;
				CLANG_WARN_CONSTANT_CONVERSION = YES;
				CLANG_WARN_DEPRECATED_OBJC_IMPLEMENTATIONS = YES;
				CLANG_WARN_DIRECT_OBJC_ISA_USAGE = YES_ERROR;
				CLANG_WARN_DOCUMENTATION_COMMENTS = YES;
				CLANG_WARN_EMPTY_BODY = YES;
				CLANG_WARN_ENUM_CONVERSION = YES;
				CLANG_WARN_INFINITE_RECURSION = YES;
				CLANG_WARN_INT_CONVERSION = YES;
				CLANG_WARN_NON_LITERAL_NULL_CONVERSION = YES;
				CLANG_WARN_OBJC_IMPLICIT_RETAIN_SELF = YES;
				CLANG_WARN_OBJC_LITERAL_CONVERSION = YES;
				CLANG_WARN_OBJC_ROOT_CLASS = YES_ERROR;
				CLANG_WARN_RANGE_LOOP_ANALYSIS = YES;
				CLANG_WARN_STRICT_PROTOTYPES = YES;
				CLANG_WARN_SUSPICIOUS_MOVE = YES;
				CLANG_WARN_UNREACHABLE_CODE = YES;
				CLANG_WARN__DUPLICATE_METHOD_MATCH = YES;
				"CODE_SIGN_IDENTITY[sdk=iphoneos*]" = "iPhone Developer";
				COPY_PHASE_STRIP = NO;
				DEBUG_INFORMATION_FORMAT = dwarf;
				ENABLE_STRICT_OBJC_MSGSEND = YES;
				ENABLE_TESTABILITY = YES;
				GCC_C_LANGUAGE_STANDARD = gnu99;
				GCC_DYNAMIC_NO_PIC = NO;
				GCC_NO_COMMON_BLOCKS = YES;
				GCC_OPTIMIZATION_LEVEL = 0;
				GCC_PREPROCESSOR_DEFINITIONS = (
					"DEBUG=1",
					"$(inherited)",
				);
				GCC_WARN_64_TO_32_BIT_CONVERSION = YES;
				GCC_WARN_ABOUT_RETURN_TYPE = YES_ERROR;
				GCC_WARN_UNDECLARED_SELECTOR = YES;
				GCC_WARN_UNINITIALIZED_AUTOS = YES_AGGRESSIVE;
				GCC_WARN_UNUSED_FUNCTION = YES;
				GCC_WARN_UNUSED_VARIABLE = YES;
				IPHONEOS_DEPLOYMENT_TARGET = 10.2;
				MTL_ENABLE_DEBUG_INFO = YES;
				ONLY_ACTIVE_ARCH = YES;
				SDKROOT = iphoneos;
				SWIFT_ACTIVE_COMPILATION_CONDITIONS = DEBUG;
				SWIFT_OPTIMIZATION_LEVEL = "-Onone";
				SWIFT_VERSION = 5.0;
			};
			name = Debug;
		};
		BE48B40E1E3FB05E00915402 /* Release */ = {
			isa = XCBuildConfiguration;
			buildSettings = {
				ALWAYS_SEARCH_USER_PATHS = NO;
				CLANG_ANALYZER_LOCALIZABILITY_NONLOCALIZED = YES;
				CLANG_ANALYZER_NONNULL = YES;
				CLANG_CXX_LANGUAGE_STANDARD = "gnu++0x";
				CLANG_CXX_LIBRARY = "libc++";
				CLANG_ENABLE_MODULES = YES;
				CLANG_ENABLE_OBJC_ARC = YES;
				CLANG_WARN_BLOCK_CAPTURE_AUTORELEASING = YES;
				CLANG_WARN_BOOL_CONVERSION = YES;
				CLANG_WARN_COMMA = YES;
				CLANG_WARN_CONSTANT_CONVERSION = YES;
				CLANG_WARN_DEPRECATED_OBJC_IMPLEMENTATIONS = YES;
				CLANG_WARN_DIRECT_OBJC_ISA_USAGE = YES_ERROR;
				CLANG_WARN_DOCUMENTATION_COMMENTS = YES;
				CLANG_WARN_EMPTY_BODY = YES;
				CLANG_WARN_ENUM_CONVERSION = YES;
				CLANG_WARN_INFINITE_RECURSION = YES;
				CLANG_WARN_INT_CONVERSION = YES;
				CLANG_WARN_NON_LITERAL_NULL_CONVERSION = YES;
				CLANG_WARN_OBJC_IMPLICIT_RETAIN_SELF = YES;
				CLANG_WARN_OBJC_LITERAL_CONVERSION = YES;
				CLANG_WARN_OBJC_ROOT_CLASS = YES_ERROR;
				CLANG_WARN_RANGE_LOOP_ANALYSIS = YES;
				CLANG_WARN_STRICT_PROTOTYPES = YES;
				CLANG_WARN_SUSPICIOUS_MOVE = YES;
				CLANG_WARN_UNREACHABLE_CODE = YES;
				CLANG_WARN__DUPLICATE_METHOD_MATCH = YES;
				"CODE_SIGN_IDENTITY[sdk=iphoneos*]" = "iPhone Developer";
				COPY_PHASE_STRIP = NO;
				DEBUG_INFORMATION_FORMAT = "dwarf-with-dsym";
				ENABLE_NS_ASSERTIONS = NO;
				ENABLE_STRICT_OBJC_MSGSEND = YES;
				GCC_C_LANGUAGE_STANDARD = gnu99;
				GCC_NO_COMMON_BLOCKS = YES;
				GCC_WARN_64_TO_32_BIT_CONVERSION = YES;
				GCC_WARN_ABOUT_RETURN_TYPE = YES_ERROR;
				GCC_WARN_UNDECLARED_SELECTOR = YES;
				GCC_WARN_UNINITIALIZED_AUTOS = YES_AGGRESSIVE;
				GCC_WARN_UNUSED_FUNCTION = YES;
				GCC_WARN_UNUSED_VARIABLE = YES;
				IPHONEOS_DEPLOYMENT_TARGET = 10.2;
				MTL_ENABLE_DEBUG_INFO = NO;
				SDKROOT = iphoneos;
				SWIFT_OPTIMIZATION_LEVEL = "-Owholemodule";
				SWIFT_VERSION = 5.0;
				VALIDATE_PRODUCT = YES;
			};
			name = Release;
		};
		BE48B4101E3FB05E00915402 /* Debug */ = {
			isa = XCBuildConfiguration;
			buildSettings = {
				ASSETCATALOG_COMPILER_APPICON_NAME = AppIcon;
				DEVELOPMENT_TEAM = BR6259N4VZ;
				INFOPLIST_FILE = SampleDataStorage/Info.plist;
				LD_RUNPATH_SEARCH_PATHS = "$(inherited) @executable_path/Frameworks";
				PRODUCT_BUNDLE_IDENTIFIER = jp.matken.SampleDataStorage;
				PRODUCT_NAME = "$(TARGET_NAME)";
				SWIFT_VERSION = 5.0;
			};
			name = Debug;
		};
		BE48B4111E3FB05E00915402 /* Release */ = {
			isa = XCBuildConfiguration;
			buildSettings = {
				ASSETCATALOG_COMPILER_APPICON_NAME = AppIcon;
				DEVELOPMENT_TEAM = BR6259N4VZ;
				INFOPLIST_FILE = SampleDataStorage/Info.plist;
				LD_RUNPATH_SEARCH_PATHS = "$(inherited) @executable_path/Frameworks";
				PRODUCT_BUNDLE_IDENTIFIER = jp.matken.SampleDataStorage;
				PRODUCT_NAME = "$(TARGET_NAME)";
				SWIFT_VERSION = 5.0;
			};
			name = Release;
		};
/* End XCBuildConfiguration section */

/* Begin XCConfigurationList section */
		BE48B3F81E3FB05D00915402 /* Build configuration list for PBXProject "SampleDataStorage" */ = {
			isa = XCConfigurationList;
			buildConfigurations = (
				BE48B40D1E3FB05E00915402 /* Debug */,
				BE48B40E1E3FB05E00915402 /* Release */,
			);
			defaultConfigurationIsVisible = 0;
			defaultConfigurationName = Release;
		};
		BE48B40F1E3FB05E00915402 /* Build configuration list for PBXNativeTarget "SampleDataStorage" */ = {
			isa = XCConfigurationList;
			buildConfigurations = (
				BE48B4101E3FB05E00915402 /* Debug */,
				BE48B4111E3FB05E00915402 /* Release */,
			);
			defaultConfigurationIsVisible = 0;
			defaultConfigurationName = Release;
		};
/* End XCConfigurationList section */
	};
	rootObject = BE48B3F51E3FB05D00915402 /* Project object */;
}
